
Microsoft Visual Studio Solution File, Format Version 12.00
Project("{2150E333-8FDC-42A3-9474-1A3956D46DE8}") = "src", "src", "{8CFD7A61-4CD7-4FC0-B284-431F1C78EFF0}"
EndProject
Project("{2150E333-8FDC-42A3-9474-1A3956D46DE8}") = "Apps", "Apps", "{43F10778-8C46-47BF-B3F8-7A8933790D1B}"
EndProject
Project("{FAE04EC0-301F-11D3-BF4B-00C04F79EFBC}") = "Grabsycart", "src\Apps\Grabsycart\Grabsycart.csproj", "{43C3B7D2-0126-44CC-A687-303CAD3E15CF}"
EndProject
Project("{2150E333-8FDC-42A3-9474-1A3956D46DE8}") = "Modules", "Modules", "{809E63E0-A76C-4849-BE97-7D6D3A84FE50}"
EndProject
Project("{2150E333-8FDC-42A3-9474-1A3956D46DE8}") = "Users", "Users", "{8E277BA1-89B3-4E49-B975-40B8C3082C2D}"
EndProject
Project("{FAE04EC0-301F-11D3-BF4B-00C04F79EFBC}") = "Grabsycart.Modules.Users.Core", "src\Modules\Users\Grabsycart.Modules.Users.Core\Grabsycart.Modules.Users.Core.csproj", "{593776FB-56F5-43A7-A4B0-F579570B64DA}"
EndProject
Project("{FAE04EC0-301F-11D3-BF4B-00C04F79EFBC}") = "Grabsycart.Modules.Users.Infrastructure", "src\Modules\Users\Grabsycart.Modules.Users.Infrastructure\Grabsycart.Modules.Users.Infrastructure.csproj", "{5C05FE75-E48B-41C6-A230-071F97250FD9}"
EndProject
Project("{FAE04EC0-301F-11D3-BF4B-00C04F79EFBC}") = "Grabsycart.Modules.Users.Api", "src\Modules\Users\Grabsycart.Modules.Users.Api\Grabsycart.Modules.Users.Api.csproj", "{EFD085F2-EC85-462B-97D8-1D423E6E4E33}"
EndProject
Project("{2150E333-8FDC-42A3-9474-1A3956D46DE8}") = "Common", "Common", "{EA24D124-024F-4571-B9D8-7B5EE5EEAE90}"
EndProject
Project("{FAE04EC0-301F-11D3-BF4B-00C04F79EFBC}") = "Grabsycart.Common.Core", "src\Common\Grabsycart.Common.Core\Grabsycart.Common.Core.csproj", "{FF9980F3-C92C-485C-AEE4-F7892FC46132}"
EndProject
Project("{FAE04EC0-301F-11D3-BF4B-00C04F79EFBC}") = "Grabsycart.Common.Infrastructure", "src\Common\Grabsycart.Common.Infrastructure\Grabsycart.Common.Infrastructure.csproj", "{4FE10728-1821-4175-A7D0-681C16F4A4CD}"
EndProject
Global
	GlobalSection(SolutionConfigurationPlatforms) = preSolution
		Debug|Any CPU = Debug|Any CPU
		Release|Any CPU = Release|Any CPU
	EndGlobalSection
	GlobalSection(NestedProjects) = preSolution
		{43F10778-8C46-47BF-B3F8-7A8933790D1B} = {8CFD7A61-4CD7-4FC0-B284-431F1C78EFF0}
		{43C3B7D2-0126-44CC-A687-303CAD3E15CF} = {43F10778-8C46-47BF-B3F8-7A8933790D1B}
		{809E63E0-A76C-4849-BE97-7D6D3A84FE50} = {8CFD7A61-4CD7-4FC0-B284-431F1C78EFF0}
		{8E277BA1-89B3-4E49-B975-40B8C3082C2D} = {809E63E0-A76C-4849-BE97-7D6D3A84FE50}
		{593776FB-56F5-43A7-A4B0-F579570B64DA} = {8E277BA1-89B3-4E49-B975-40B8C3082C2D}
		{5C05FE75-E48B-41C6-A230-071F97250FD9} = {8E277BA1-89B3-4E49-B975-40B8C3082C2D}
		{EFD085F2-EC85-462B-97D8-1D423E6E4E33} = {8E277BA1-89B3-4E49-B975-40B8C3082C2D}
		{EA24D124-024F-4571-B9D8-7B5EE5EEAE90} = {8CFD7A61-4CD7-4FC0-B284-431F1C78EFF0}
		{FF9980F3-C92C-485C-AEE4-F7892FC46132} = {EA24D124-024F-4571-B9D8-7B5EE5EEAE90}
		{4FE10728-1821-4175-A7D0-681C16F4A4CD} = {EA24D124-024F-4571-B9D8-7B5EE5EEAE90}
	EndGlobalSection
	GlobalSection(ProjectConfigurationPlatforms) = postSolution
		{43C3B7D2-0126-44CC-A687-303CAD3E15CF}.Debug|Any CPU.ActiveCfg = Debug|Any CPU
		{43C3B7D2-0126-44CC-A687-303CAD3E15CF}.Debug|Any CPU.Build.0 = Debug|Any CPU
		{43C3B7D2-0126-44CC-A687-303CAD3E15CF}.Release|Any CPU.ActiveCfg = Release|Any CPU
		{43C3B7D2-0126-44CC-A687-303CAD3E15CF}.Release|Any CPU.Build.0 = Release|Any CPU
		{593776FB-56F5-43A7-A4B0-F579570B64DA}.Debug|Any CPU.ActiveCfg = Debug|Any CPU
		{593776FB-56F5-43A7-A4B0-F579570B64DA}.Debug|Any CPU.Build.0 = Debug|Any CPU
		{593776FB-56F5-43A7-A4B0-F579570B64DA}.Release|Any CPU.ActiveCfg = Release|Any CPU
		{593776FB-56F5-43A7-A4B0-F579570B64DA}.Release|Any CPU.Build.0 = Release|Any CPU
		{5C05FE75-E48B-41C6-A230-071F97250FD9}.Debug|Any CPU.ActiveCfg = Debug|Any CPU
		{5C05FE75-E48B-41C6-A230-071F97250FD9}.Debug|Any CPU.Build.0 = Debug|Any CPU
		{5C05FE75-E48B-41C6-A230-071F97250FD9}.Release|Any CPU.ActiveCfg = Release|Any CPU
		{5C05FE75-E48B-41C6-A230-071F97250FD9}.Release|Any CPU.Build.0 = Release|Any CPU
		{EFD085F2-EC85-462B-97D8-1D423E6E4E33}.Debug|Any CPU.ActiveCfg = Debug|Any CPU
		{EFD085F2-EC85-462B-97D8-1D423E6E4E33}.Debug|Any CPU.Build.0 = Debug|Any CPU
		{EFD085F2-EC85-462B-97D8-1D423E6E4E33}.Release|Any CPU.ActiveCfg = Release|Any CPU
		{EFD085F2-EC85-462B-97D8-1D423E6E4E33}.Release|Any CPU.Build.0 = Release|Any CPU
		{FF9980F3-C92C-485C-AEE4-F7892FC46132}.Debug|Any CPU.ActiveCfg = Debug|Any CPU
		{FF9980F3-C92C-485C-AEE4-F7892FC46132}.Debug|Any CPU.Build.0 = Debug|Any CPU
		{FF9980F3-C92C-485C-AEE4-F7892FC46132}.Release|Any CPU.ActiveCfg = Release|Any CPU
		{FF9980F3-C92C-485C-AEE4-F7892FC46132}.Release|Any CPU.Build.0 = Release|Any CPU
		{4FE10728-1821-4175-A7D0-681C16F4A4CD}.Debug|Any CPU.ActiveCfg = Debug|Any CPU
		{4FE10728-1821-4175-A7D0-681C16F4A4CD}.Debug|Any CPU.Build.0 = Debug|Any CPU
		{4FE10728-1821-4175-A7D0-681C16F4A4CD}.Release|Any CPU.ActiveCfg = Release|Any CPU
		{4FE10728-1821-4175-A7D0-681C16F4A4CD}.Release|Any CPU.Build.0 = Release|Any CPU
	EndGlobalSection
EndGlobal
